
Microsoft Visual Studio Solution File, Format Version 12.00
# Visual Studio Version 17
VisualStudioVersion = 17.5.002.0
MinimumVisualStudioVersion = 10.0.40219.1
Project("{9A19103F-16F7-4668-BE54-9A1E7A4F7556}") = "Backend", "Backend\Backend.csproj", "{FADEE5E9-68C8-49DC-AFF8-B1E714AD6DEB}"
EndProject
Global
	GlobalSection(SolutionConfigurationPlatforms) = preSolution
		Debug|Any CPU = Debug|Any CPU
		Release|Any CPU = Release|Any CPU
	EndGlobalSection
	GlobalSection(ProjectConfigurationPlatforms) = postSolution
		{FADEE5E9-68C8-49DC-AFF8-B1E714AD6DEB}.Debug|Any CPU.ActiveCfg = Debug|Any CPU
		{FADEE5E9-68C8-49DC-AFF8-B1E714AD6DEB}.Debug|Any CPU.Build.0 = Debug|Any CPU
		{FADEE5E9-68C8-49DC-AFF8-B1E714AD6DEB}.Release|Any CPU.ActiveCfg = Release|Any CPU
		{FADEE5E9-68C8-49DC-AFF8-B1E714AD6DEB}.Release|Any CPU.Build.0 = Release|Any CPU
	EndGlobalSection
	GlobalSection(SolutionProperties) = preSolution
		HideSolutionNode = FALSE
	EndGlobalSection
	GlobalSection(ExtensibilityGlobals) = postSolution
		SolutionGuid = {D65B5E72-C5D0-471B-9FBB-55343993B001}
	EndGlobalSection
EndGlobal
