
Microsoft Visual Studio Solution File, Format Version 12.00
# Visual Studio Version 17
VisualStudioVersion = 17.5.002.0
MinimumVisualStudioVersion = 10.0.40219.1
Project("{2150E333-8FDC-42A3-9474-1A3956D46DE8}") = "Backend", "Backend", "{10EC7579-541E-45C2-8D33-B41EA5E272BA}"
EndProject
Project("{9A19103F-16F7-4668-BE54-9A1E7A4F7556}") = "ApiGateway", "Backend\ApiGateway\ApiGateway.csproj", "{B9ECED82-68E5-415C-89F4-FEBE386DB83B}"
EndProject
Project("{2150E333-8FDC-42A3-9474-1A3956D46DE8}") = "Microservices", "Microservices", "{4DC96615-80B0-4A5D-BA25-B1D9A9743FC9}"
EndProject
Project("{9A19103F-16F7-4668-BE54-9A1E7A4F7556}") = "user-service", "Backend\Microservices\user-service\user-service.csproj", "{C731D920-426E-41C9-9D70-7052A56C7D73}"
EndProject
Project("{9A19103F-16F7-4668-BE54-9A1E7A4F7556}") = "auth-service", "Backend\Microservices\auth-service\auth-service.csproj", "{76EF4C9A-03D3-4F48-9D23-5D32B2FCF1D5}"
EndProject
Global
	GlobalSection(SolutionConfigurationPlatforms) = preSolution
		Debug|Any CPU = Debug|Any CPU
		Release|Any CPU = Release|Any CPU
	EndGlobalSection
	GlobalSection(ProjectConfigurationPlatforms) = postSolution
		{B9ECED82-68E5-415C-89F4-FEBE386DB83B}.Debug|Any CPU.ActiveCfg = Debug|Any CPU
		{B9ECED82-68E5-415C-89F4-FEBE386DB83B}.Debug|Any CPU.Build.0 = Debug|Any CPU
		{B9ECED82-68E5-415C-89F4-FEBE386DB83B}.Release|Any CPU.ActiveCfg = Release|Any CPU
		{B9ECED82-68E5-415C-89F4-FEBE386DB83B}.Release|Any CPU.Build.0 = Release|Any CPU
		{C731D920-426E-41C9-9D70-7052A56C7D73}.Debug|Any CPU.ActiveCfg = Debug|Any CPU
		{C731D920-426E-41C9-9D70-7052A56C7D73}.Debug|Any CPU.Build.0 = Debug|Any CPU
		{C731D920-426E-41C9-9D70-7052A56C7D73}.Release|Any CPU.ActiveCfg = Release|Any CPU
		{C731D920-426E-41C9-9D70-7052A56C7D73}.Release|Any CPU.Build.0 = Release|Any CPU
		{76EF4C9A-03D3-4F48-9D23-5D32B2FCF1D5}.Debug|Any CPU.ActiveCfg = Debug|Any CPU
		{76EF4C9A-03D3-4F48-9D23-5D32B2FCF1D5}.Debug|Any CPU.Build.0 = Debug|Any CPU
		{76EF4C9A-03D3-4F48-9D23-5D32B2FCF1D5}.Release|Any CPU.ActiveCfg = Release|Any CPU
		{76EF4C9A-03D3-4F48-9D23-5D32B2FCF1D5}.Release|Any CPU.Build.0 = Release|Any CPU
	EndGlobalSection
	GlobalSection(SolutionProperties) = preSolution
		HideSolutionNode = FALSE
	EndGlobalSection
	GlobalSection(NestedProjects) = preSolution
		{B9ECED82-68E5-415C-89F4-FEBE386DB83B} = {10EC7579-541E-45C2-8D33-B41EA5E272BA}
		{4DC96615-80B0-4A5D-BA25-B1D9A9743FC9} = {10EC7579-541E-45C2-8D33-B41EA5E272BA}
		{C731D920-426E-41C9-9D70-7052A56C7D73} = {4DC96615-80B0-4A5D-BA25-B1D9A9743FC9}
		{76EF4C9A-03D3-4F48-9D23-5D32B2FCF1D5} = {4DC96615-80B0-4A5D-BA25-B1D9A9743FC9}
	EndGlobalSection
	GlobalSection(ExtensibilityGlobals) = postSolution
		SolutionGuid = {BA837C62-32D5-4F3B-B9E0-D41B0409C35E}
	EndGlobalSection
EndGlobal
