
Microsoft Visual Studio Solution File, Format Version 12.00
# Visual Studio Version 17
VisualStudioVersion = 17.5.002.0
MinimumVisualStudioVersion = 10.0.40219.1
Project("{2150E333-8FDC-42A3-9474-1A3956D46DE8}") = "Backend", "Backend", "{C9532E89-3FD6-45F4-A0B3-B71E7E3A2109}"
EndProject
Project("{9A19103F-16F7-4668-BE54-9A1E7A4F7556}") = "ApiGateway", "Backend\ApiGateway\ApiGateway.csproj", "{D078C5F8-8CA6-45EF-9AC6-C7B342359D72}"
EndProject
Project("{2150E333-8FDC-42A3-9474-1A3956D46DE8}") = "Microservices", "Microservices", "{165C39B1-3C15-40B3-B449-5092F42E9456}"
EndProject
Project("{9A19103F-16F7-4668-BE54-9A1E7A4F7556}") = "user-service", "Backend\Microservices\user-service\user-service.csproj", "{9C165D77-D89C-4CAD-9B3D-851787E69DDE}"
EndProject
Project("{9A19103F-16F7-4668-BE54-9A1E7A4F7556}") = "auth-service", "Backend\Microservices\auth-service\auth-service.csproj", "{095A0577-3A9D-415D-B946-628A006D23B1}"
EndProject
Global
	GlobalSection(SolutionConfigurationPlatforms) = preSolution
		Debug|Any CPU = Debug|Any CPU
		Release|Any CPU = Release|Any CPU
	EndGlobalSection
	GlobalSection(ProjectConfigurationPlatforms) = postSolution
		{D078C5F8-8CA6-45EF-9AC6-C7B342359D72}.Debug|Any CPU.ActiveCfg = Debug|Any CPU
		{D078C5F8-8CA6-45EF-9AC6-C7B342359D72}.Debug|Any CPU.Build.0 = Debug|Any CPU
		{D078C5F8-8CA6-45EF-9AC6-C7B342359D72}.Release|Any CPU.ActiveCfg = Release|Any CPU
		{D078C5F8-8CA6-45EF-9AC6-C7B342359D72}.Release|Any CPU.Build.0 = Release|Any CPU
		{9C165D77-D89C-4CAD-9B3D-851787E69DDE}.Debug|Any CPU.ActiveCfg = Debug|Any CPU
		{9C165D77-D89C-4CAD-9B3D-851787E69DDE}.Debug|Any CPU.Build.0 = Debug|Any CPU
		{9C165D77-D89C-4CAD-9B3D-851787E69DDE}.Release|Any CPU.ActiveCfg = Release|Any CPU
		{9C165D77-D89C-4CAD-9B3D-851787E69DDE}.Release|Any CPU.Build.0 = Release|Any CPU
		{095A0577-3A9D-415D-B946-628A006D23B1}.Debug|Any CPU.ActiveCfg = Debug|Any CPU
		{095A0577-3A9D-415D-B946-628A006D23B1}.Debug|Any CPU.Build.0 = Debug|Any CPU
		{095A0577-3A9D-415D-B946-628A006D23B1}.Release|Any CPU.ActiveCfg = Release|Any CPU
		{095A0577-3A9D-415D-B946-628A006D23B1}.Release|Any CPU.Build.0 = Release|Any CPU
	EndGlobalSection
	GlobalSection(SolutionProperties) = preSolution
		HideSolutionNode = FALSE
	EndGlobalSection
	GlobalSection(NestedProjects) = preSolution
		{D078C5F8-8CA6-45EF-9AC6-C7B342359D72} = {C9532E89-3FD6-45F4-A0B3-B71E7E3A2109}
		{165C39B1-3C15-40B3-B449-5092F42E9456} = {C9532E89-3FD6-45F4-A0B3-B71E7E3A2109}
		{9C165D77-D89C-4CAD-9B3D-851787E69DDE} = {165C39B1-3C15-40B3-B449-5092F42E9456}
		{095A0577-3A9D-415D-B946-628A006D23B1} = {165C39B1-3C15-40B3-B449-5092F42E9456}
	EndGlobalSection
	GlobalSection(ExtensibilityGlobals) = postSolution
		SolutionGuid = {BA837C62-32D5-4F3B-B9E0-D41B0409C35E}
	EndGlobalSection
EndGlobal
