
Microsoft Visual Studio Solution File, Format Version 12.00
# Visual Studio Version 17
VisualStudioVersion = 17.5.002.0
MinimumVisualStudioVersion = 10.0.40219.1
Project("{2150E333-8FDC-42A3-9474-1A3956D46DE8}") = "Backend", "Backend", "{E090FC7C-367D-4247-B0CF-ABAAA54A8978}"
EndProject
Project("{9A19103F-16F7-4668-BE54-9A1E7A4F7556}") = "ApiGateway", "Backend\ApiGateway\ApiGateway.csproj", "{F16FE5AF-AA35-4289-8481-DF10E99D6570}"
EndProject
Project("{2150E333-8FDC-42A3-9474-1A3956D46DE8}") = "Microservices", "Microservices", "{5CB12059-E572-4668-B978-29BC513976D8}"
EndProject
Project("{9A19103F-16F7-4668-BE54-9A1E7A4F7556}") = "user-service", "Backend\Microservices\user-service\user-service.csproj", "{A692BC61-EA7E-4EEA-88FE-9925538B0CE3}"
EndProject
Project("{9A19103F-16F7-4668-BE54-9A1E7A4F7556}") = "auth-service", "Backend\Microservices\auth-service\auth-service.csproj", "{57095D39-6C4A-4324-A33E-44A39C5C7081}"
EndProject
Global
	GlobalSection(SolutionConfigurationPlatforms) = preSolution
		Debug|Any CPU = Debug|Any CPU
		Release|Any CPU = Release|Any CPU
	EndGlobalSection
	GlobalSection(ProjectConfigurationPlatforms) = postSolution
		{F16FE5AF-AA35-4289-8481-DF10E99D6570}.Debug|Any CPU.ActiveCfg = Debug|Any CPU
		{F16FE5AF-AA35-4289-8481-DF10E99D6570}.Debug|Any CPU.Build.0 = Debug|Any CPU
		{F16FE5AF-AA35-4289-8481-DF10E99D6570}.Release|Any CPU.ActiveCfg = Release|Any CPU
		{F16FE5AF-AA35-4289-8481-DF10E99D6570}.Release|Any CPU.Build.0 = Release|Any CPU
		{A692BC61-EA7E-4EEA-88FE-9925538B0CE3}.Debug|Any CPU.ActiveCfg = Debug|Any CPU
		{A692BC61-EA7E-4EEA-88FE-9925538B0CE3}.Debug|Any CPU.Build.0 = Debug|Any CPU
		{A692BC61-EA7E-4EEA-88FE-9925538B0CE3}.Release|Any CPU.ActiveCfg = Release|Any CPU
		{A692BC61-EA7E-4EEA-88FE-9925538B0CE3}.Release|Any CPU.Build.0 = Release|Any CPU
		{57095D39-6C4A-4324-A33E-44A39C5C7081}.Debug|Any CPU.ActiveCfg = Debug|Any CPU
		{57095D39-6C4A-4324-A33E-44A39C5C7081}.Debug|Any CPU.Build.0 = Debug|Any CPU
		{57095D39-6C4A-4324-A33E-44A39C5C7081}.Release|Any CPU.ActiveCfg = Release|Any CPU
		{57095D39-6C4A-4324-A33E-44A39C5C7081}.Release|Any CPU.Build.0 = Release|Any CPU
	EndGlobalSection
	GlobalSection(SolutionProperties) = preSolution
		HideSolutionNode = FALSE
	EndGlobalSection
	GlobalSection(NestedProjects) = preSolution
		{F16FE5AF-AA35-4289-8481-DF10E99D6570} = {E090FC7C-367D-4247-B0CF-ABAAA54A8978}
		{5CB12059-E572-4668-B978-29BC513976D8} = {E090FC7C-367D-4247-B0CF-ABAAA54A8978}
		{A692BC61-EA7E-4EEA-88FE-9925538B0CE3} = {5CB12059-E572-4668-B978-29BC513976D8}
		{57095D39-6C4A-4324-A33E-44A39C5C7081} = {5CB12059-E572-4668-B978-29BC513976D8}
	EndGlobalSection
	GlobalSection(ExtensibilityGlobals) = postSolution
		SolutionGuid = {BA837C62-32D5-4F3B-B9E0-D41B0409C35E}
	EndGlobalSection
EndGlobal
